// !$*UTF8*$!
{
	archiveVersion = 1;
	classes = {
	};
	objectVersion = 55;
	objects = {

/* Begin PBXBuildFile section */
		DE05CFCB2712F3D6004BD17A /* CharacterListCell.swift in Sources */ = {isa = PBXBuildFile; fileRef = DE05CFC52712F3D6004BD17A /* CharacterListCell.swift */; };
		DE05CFCC2712F3D6004BD17A /* CharactersList.swift in Sources */ = {isa = PBXBuildFile; fileRef = DE05CFC62712F3D6004BD17A /* CharactersList.swift */; };
		DE05CFCD2712F3D6004BD17A /* CharacterComicsScreen.swift in Sources */ = {isa = PBXBuildFile; fileRef = DE05CFC82712F3D6004BD17A /* CharacterComicsScreen.swift */; };
		DE05CFCE2712F3D6004BD17A /* CharacterScreen.swift in Sources */ = {isa = PBXBuildFile; fileRef = DE05CFC92712F3D6004BD17A /* CharacterScreen.swift */; };
		DE05CFCF2712F3D6004BD17A /* CharacterSearchScreen.swift in Sources */ = {isa = PBXBuildFile; fileRef = DE05CFCA2712F3D6004BD17A /* CharacterSearchScreen.swift */; };
		DE05CFD12712F47A004BD17A /* CharacterComicsViewModel.swift in Sources */ = {isa = PBXBuildFile; fileRef = DE05CFD02712F47A004BD17A /* CharacterComicsViewModel.swift */; };
		DE05CFD62712F68A004BD17A /* DZNavigation in Frameworks */ = {isa = PBXBuildFile; productRef = DE05CFD52712F68A004BD17A /* DZNavigation */; };
		DEA19D752709EF1200804CEE /* DZCoreServices in Frameworks */ = {isa = PBXBuildFile; productRef = DEA19D742709EF1200804CEE /* DZCoreServices */; };
		DEC3A8F4270854AC00EC2A0A /* DZ_4App.swift in Sources */ = {isa = PBXBuildFile; fileRef = DEC3A8F3270854AC00EC2A0A /* DZ_4App.swift */; };
		DEC3A8F6270854AC00EC2A0A /* ContentView.swift in Sources */ = {isa = PBXBuildFile; fileRef = DEC3A8F5270854AC00EC2A0A /* ContentView.swift */; };
		DEC3A8F8270854AE00EC2A0A /* Assets.xcassets in Resources */ = {isa = PBXBuildFile; fileRef = DEC3A8F7270854AE00EC2A0A /* Assets.xcassets */; };
		DEC3A8FB270854AE00EC2A0A /* Preview Assets.xcassets in Resources */ = {isa = PBXBuildFile; fileRef = DEC3A8FA270854AE00EC2A0A /* Preview Assets.xcassets */; };
		DEC3A91E2708556700EC2A0A /* BaseResponse.swift in Sources */ = {isa = PBXBuildFile; fileRef = DEC3A9032708556700EC2A0A /* BaseResponse.swift */; };
		DEC3A91F2708556700EC2A0A /* Character.swift in Sources */ = {isa = PBXBuildFile; fileRef = DEC3A9042708556700EC2A0A /* Character.swift */; };
		DEC3A9202708556700EC2A0A /* Comic.swift in Sources */ = {isa = PBXBuildFile; fileRef = DEC3A9052708556700EC2A0A /* Comic.swift */; };
		DEC3A9212708556700EC2A0A /* CharactersRequest.swift in Sources */ = {isa = PBXBuildFile; fileRef = DEC3A9062708556700EC2A0A /* CharactersRequest.swift */; };
		DEC3A9242708556700EC2A0A /* RandomAccessCollection.swift in Sources */ = {isa = PBXBuildFile; fileRef = DEC3A90A2708556700EC2A0A /* RandomAccessCollection.swift */; };
		DEC3A9252708556700EC2A0A /* AnyTransition.swift in Sources */ = {isa = PBXBuildFile; fileRef = DEC3A90B2708556700EC2A0A /* AnyTransition.swift */; };
		DEC3A9262708556700EC2A0A /* Optional.swift in Sources */ = {isa = PBXBuildFile; fileRef = DEC3A90C2708556700EC2A0A /* Optional.swift */; };
		DEC3A9282708556700EC2A0A /* CharacterAPI.swift in Sources */ = {isa = PBXBuildFile; fileRef = DEC3A9102708556700EC2A0A /* CharacterAPI.swift */; };
		DEC3A92E2708556700EC2A0A /* CharactersViewModel.swift in Sources */ = {isa = PBXBuildFile; fileRef = DEC3A9172708556700EC2A0A /* CharactersViewModel.swift */; };
		DEC3A9322708556700EC2A0A /* CharacterComicListCell.swift in Sources */ = {isa = PBXBuildFile; fileRef = DEC3A91B2708556700EC2A0A /* CharacterComicListCell.swift */; };
		DEC3A936270856F800EC2A0A /* SDWebImageSwiftUI in Frameworks */ = {isa = PBXBuildFile; productRef = DEC3A935270856F800EC2A0A /* SDWebImageSwiftUI */; };
		DEC3A9392708953100EC2A0A /* ServiceLocator.swift in Sources */ = {isa = PBXBuildFile; fileRef = DEC3A9382708953100EC2A0A /* ServiceLocator.swift */; };
		DEC3A93D2708984D00EC2A0A /* InjectWrapper.swift in Sources */ = {isa = PBXBuildFile; fileRef = DEC3A93C2708984D00EC2A0A /* InjectWrapper.swift */; };
		DEC3A94327089F9D00EC2A0A /* CharacterRouter.swift in Sources */ = {isa = PBXBuildFile; fileRef = DEC3A94227089F9D00EC2A0A /* CharacterRouter.swift */; };
/* End PBXBuildFile section */

/* Begin PBXFileReference section */
		DE05CFC52712F3D6004BD17A /* CharacterListCell.swift */ = {isa = PBXFileReference; fileEncoding = 4; lastKnownFileType = sourcecode.swift; path = CharacterListCell.swift; sourceTree = "<group>"; };
		DE05CFC62712F3D6004BD17A /* CharactersList.swift */ = {isa = PBXFileReference; fileEncoding = 4; lastKnownFileType = sourcecode.swift; path = CharactersList.swift; sourceTree = "<group>"; };
		DE05CFC82712F3D6004BD17A /* CharacterComicsScreen.swift */ = {isa = PBXFileReference; fileEncoding = 4; lastKnownFileType = sourcecode.swift; path = CharacterComicsScreen.swift; sourceTree = "<group>"; };
		DE05CFC92712F3D6004BD17A /* CharacterScreen.swift */ = {isa = PBXFileReference; fileEncoding = 4; lastKnownFileType = sourcecode.swift; path = CharacterScreen.swift; sourceTree = "<group>"; };
		DE05CFCA2712F3D6004BD17A /* CharacterSearchScreen.swift */ = {isa = PBXFileReference; fileEncoding = 4; lastKnownFileType = sourcecode.swift; path = CharacterSearchScreen.swift; sourceTree = "<group>"; };
		DE05CFD02712F47A004BD17A /* CharacterComicsViewModel.swift */ = {isa = PBXFileReference; fileEncoding = 4; lastKnownFileType = sourcecode.swift; path = CharacterComicsViewModel.swift; sourceTree = "<group>"; };
		DE05CFD42712F61F004BD17A /* DZNavigation */ = {isa = PBXFileReference; lastKnownFileType = folder; name = DZNavigation; path = Modules/DZNavigation; sourceTree = "<group>"; };
		DEA19D732709EEB700804CEE /* DZCoreServices */ = {isa = PBXFileReference; lastKnownFileType = folder; name = DZCoreServices; path = Modules/DZCoreServices; sourceTree = "<group>"; };
		DEC3A8F0270854AC00EC2A0A /* DZ№4.app */ = {isa = PBXFileReference; explicitFileType = wrapper.application; includeInIndex = 0; path = "DZ№4.app"; sourceTree = BUILT_PRODUCTS_DIR; };
		DEC3A8F3270854AC00EC2A0A /* DZ_4App.swift */ = {isa = PBXFileReference; lastKnownFileType = sourcecode.swift; path = DZ_4App.swift; sourceTree = "<group>"; };
		DEC3A8F5270854AC00EC2A0A /* ContentView.swift */ = {isa = PBXFileReference; lastKnownFileType = sourcecode.swift; path = ContentView.swift; sourceTree = "<group>"; };
		DEC3A8F7270854AE00EC2A0A /* Assets.xcassets */ = {isa = PBXFileReference; lastKnownFileType = folder.assetcatalog; path = Assets.xcassets; sourceTree = "<group>"; };
		DEC3A8FA270854AE00EC2A0A /* Preview Assets.xcassets */ = {isa = PBXFileReference; lastKnownFileType = folder.assetcatalog; path = "Preview Assets.xcassets"; sourceTree = "<group>"; };
		DEC3A9032708556700EC2A0A /* BaseResponse.swift */ = {isa = PBXFileReference; fileEncoding = 4; lastKnownFileType = sourcecode.swift; path = BaseResponse.swift; sourceTree = "<group>"; };
		DEC3A9042708556700EC2A0A /* Character.swift */ = {isa = PBXFileReference; fileEncoding = 4; lastKnownFileType = sourcecode.swift; path = Character.swift; sourceTree = "<group>"; };
		DEC3A9052708556700EC2A0A /* Comic.swift */ = {isa = PBXFileReference; fileEncoding = 4; lastKnownFileType = sourcecode.swift; path = Comic.swift; sourceTree = "<group>"; };
		DEC3A9062708556700EC2A0A /* CharactersRequest.swift */ = {isa = PBXFileReference; fileEncoding = 4; lastKnownFileType = sourcecode.swift; path = CharactersRequest.swift; sourceTree = "<group>"; };
		DEC3A90A2708556700EC2A0A /* RandomAccessCollection.swift */ = {isa = PBXFileReference; fileEncoding = 4; lastKnownFileType = sourcecode.swift; path = RandomAccessCollection.swift; sourceTree = "<group>"; };
		DEC3A90B2708556700EC2A0A /* AnyTransition.swift */ = {isa = PBXFileReference; fileEncoding = 4; lastKnownFileType = sourcecode.swift; path = AnyTransition.swift; sourceTree = "<group>"; };
		DEC3A90C2708556700EC2A0A /* Optional.swift */ = {isa = PBXFileReference; fileEncoding = 4; lastKnownFileType = sourcecode.swift; path = Optional.swift; sourceTree = "<group>"; };
		DEC3A9102708556700EC2A0A /* CharacterAPI.swift */ = {isa = PBXFileReference; fileEncoding = 4; lastKnownFileType = sourcecode.swift; path = CharacterAPI.swift; sourceTree = "<group>"; };
		DEC3A9172708556700EC2A0A /* CharactersViewModel.swift */ = {isa = PBXFileReference; fileEncoding = 4; lastKnownFileType = sourcecode.swift; path = CharactersViewModel.swift; sourceTree = "<group>"; };
		DEC3A91B2708556700EC2A0A /* CharacterComicListCell.swift */ = {isa = PBXFileReference; fileEncoding = 4; lastKnownFileType = sourcecode.swift; path = CharacterComicListCell.swift; sourceTree = "<group>"; };
		DEC3A9372708576100EC2A0A /* DZ-3-Info.plist */ = {isa = PBXFileReference; lastKnownFileType = text.plist; path = "DZ-3-Info.plist"; sourceTree = SOURCE_ROOT; };
		DEC3A9382708953100EC2A0A /* ServiceLocator.swift */ = {isa = PBXFileReference; lastKnownFileType = sourcecode.swift; path = ServiceLocator.swift; sourceTree = "<group>"; };
		DEC3A93C2708984D00EC2A0A /* InjectWrapper.swift */ = {isa = PBXFileReference; lastKnownFileType = sourcecode.swift; path = InjectWrapper.swift; sourceTree = "<group>"; };
		DEC3A94227089F9D00EC2A0A /* CharacterRouter.swift */ = {isa = PBXFileReference; lastKnownFileType = sourcecode.swift; path = CharacterRouter.swift; sourceTree = "<group>"; };
		DEC3A94E2709CED100EC2A0A /* CoreServices.framework */ = {isa = PBXFileReference; lastKnownFileType = wrapper.framework; name = CoreServices.framework; path = System/Library/Frameworks/CoreServices.framework; sourceTree = SDKROOT; };
/* End PBXFileReference section */

/* Begin PBXFrameworksBuildPhase section */
		DEC3A8ED270854AC00EC2A0A /* Frameworks */ = {
			isa = PBXFrameworksBuildPhase;
			buildActionMask = 2147483647;
			files = (
				DEC3A936270856F800EC2A0A /* SDWebImageSwiftUI in Frameworks */,
				DE05CFD62712F68A004BD17A /* DZNavigation in Frameworks */,
				DEA19D752709EF1200804CEE /* DZCoreServices in Frameworks */,
			);
			runOnlyForDeploymentPostprocessing = 0;
		};
/* End PBXFrameworksBuildPhase section */

/* Begin PBXGroup section */
		DE05CFB32712EFA7004BD17A /* ViewModels */ = {
			isa = PBXGroup;
			children = (
				DE05CFD02712F47A004BD17A /* CharacterComicsViewModel.swift */,
				DEC3A9172708556700EC2A0A /* CharactersViewModel.swift */,
			);
			path = ViewModels;
			sourceTree = "<group>";
		};
		DE05CFC42712F3D6004BD17A /* CharacterList */ = {
			isa = PBXGroup;
			children = (
				DE05CFC52712F3D6004BD17A /* CharacterListCell.swift */,
				DE05CFC62712F3D6004BD17A /* CharactersList.swift */,
			);
			path = CharacterList;
			sourceTree = "<group>";
		};
		DE05CFC72712F3D6004BD17A /* Screens */ = {
			isa = PBXGroup;
			children = (
				DE05CFD22712F59B004BD17A /* CharacterComicsScreen */,
				DE05CFC92712F3D6004BD17A /* CharacterScreen.swift */,
				DE05CFD32712F5AB004BD17A /* CharacterSearchScreen */,
			);
			path = Screens;
			sourceTree = "<group>";
		};
		DE05CFD22712F59B004BD17A /* CharacterComicsScreen */ = {
			isa = PBXGroup;
			children = (
				DE05CFC82712F3D6004BD17A /* CharacterComicsScreen.swift */,
				DEC3A91B2708556700EC2A0A /* CharacterComicListCell.swift */,
			);
			path = CharacterComicsScreen;
			sourceTree = "<group>";
		};
		DE05CFD32712F5AB004BD17A /* CharacterSearchScreen */ = {
			isa = PBXGroup;
			children = (
				DE05CFC42712F3D6004BD17A /* CharacterList */,
				DE05CFCA2712F3D6004BD17A /* CharacterSearchScreen.swift */,
			);
			path = CharacterSearchScreen;
			sourceTree = "<group>";
		};
		DEC3A8E7270854AC00EC2A0A = {
			isa = PBXGroup;
			children = (
				DE05CFD42712F61F004BD17A /* DZNavigation */,
				DEA19D732709EEB700804CEE /* DZCoreServices */,
				DEC3A8F2270854AC00EC2A0A /* DZ№3 */,
				DEC3A8F1270854AC00EC2A0A /* Products */,
				DEC3A94D2709CED100EC2A0A /* Frameworks */,
			);
			sourceTree = "<group>";
		};
		DEC3A8F1270854AC00EC2A0A /* Products */ = {
			isa = PBXGroup;
			children = (
				DEC3A8F0270854AC00EC2A0A /* DZ№4.app */,
			);
			name = Products;
			sourceTree = "<group>";
		};
		DEC3A8F2270854AC00EC2A0A /* DZ№3 */ = {
			isa = PBXGroup;
			children = (
				DEC3A9372708576100EC2A0A /* DZ-3-Info.plist */,
				DEC3A8F3270854AC00EC2A0A /* DZ_4App.swift */,
				DEC3A8F5270854AC00EC2A0A /* ContentView.swift */,
				DE05CFC72712F3D6004BD17A /* Screens */,
				DE05CFB32712EFA7004BD17A /* ViewModels */,
				DEC3A94027089F4400EC2A0A /* Repositories */,
				DEC3A9012708556700EC2A0A /* Models */,
				DEC3A9092708556700EC2A0A /* Extensions */,
				DEC3A93E270898DA00EC2A0A /* DI */,
				DEC3A8F7270854AE00EC2A0A /* Assets.xcassets */,
				DEC3A8F9270854AE00EC2A0A /* Preview Content */,
			);
			path = "DZ№3";
			sourceTree = "<group>";
		};
		DEC3A8F9270854AE00EC2A0A /* Preview Content */ = {
			isa = PBXGroup;
			children = (
				DEC3A8FA270854AE00EC2A0A /* Preview Assets.xcassets */,
			);
			path = "Preview Content";
			sourceTree = "<group>";
		};
		DEC3A9012708556700EC2A0A /* Models */ = {
			isa = PBXGroup;
			children = (
				DEC3A9032708556700EC2A0A /* BaseResponse.swift */,
				DEC3A9042708556700EC2A0A /* Character.swift */,
				DEC3A9052708556700EC2A0A /* Comic.swift */,
			);
			path = Models;
			sourceTree = "<group>";
		};
		DEC3A9092708556700EC2A0A /* Extensions */ = {
			isa = PBXGroup;
			children = (
				DEC3A90A2708556700EC2A0A /* RandomAccessCollection.swift */,
				DEC3A90B2708556700EC2A0A /* AnyTransition.swift */,
				DEC3A90C2708556700EC2A0A /* Optional.swift */,
			);
			path = Extensions;
			sourceTree = "<group>";
		};
		DEC3A93E270898DA00EC2A0A /* DI */ = {
			isa = PBXGroup;
			children = (
				DEC3A9382708953100EC2A0A /* ServiceLocator.swift */,
				DEC3A93C2708984D00EC2A0A /* InjectWrapper.swift */,
			);
			path = DI;
			sourceTree = "<group>";
		};
		DEC3A94027089F4400EC2A0A /* Repositories */ = {
			isa = PBXGroup;
			children = (
				DEC3A94127089F8800EC2A0A /* CharacterRepository */,
			);
			path = Repositories;
			sourceTree = "<group>";
		};
		DEC3A94127089F8800EC2A0A /* CharacterRepository */ = {
			isa = PBXGroup;
			children = (
				DEC3A9102708556700EC2A0A /* CharacterAPI.swift */,
				DEC3A94227089F9D00EC2A0A /* CharacterRouter.swift */,
				DEC3A9062708556700EC2A0A /* CharactersRequest.swift */,
			);
			path = CharacterRepository;
			sourceTree = "<group>";
		};
		DEC3A94D2709CED100EC2A0A /* Frameworks */ = {
			isa = PBXGroup;
			children = (
				DEC3A94E2709CED100EC2A0A /* CoreServices.framework */,
			);
			name = Frameworks;
			sourceTree = "<group>";
		};
/* End PBXGroup section */

/* Begin PBXNativeTarget section */
		DEC3A8EF270854AC00EC2A0A /* DZ№4 */ = {
			isa = PBXNativeTarget;
			buildConfigurationList = DEC3A8FE270854AE00EC2A0A /* Build configuration list for PBXNativeTarget "DZ№4" */;
			buildPhases = (
				DEC3A8EC270854AC00EC2A0A /* Sources */,
				DEC3A8ED270854AC00EC2A0A /* Frameworks */,
				DEC3A8EE270854AC00EC2A0A /* Resources */,
			);
			buildRules = (
			);
			dependencies = (
			);
			name = "DZ№4";
			packageProductDependencies = (
				DEC3A935270856F800EC2A0A /* SDWebImageSwiftUI */,
				DEA19D742709EF1200804CEE /* DZCoreServices */,
				DE05CFD52712F68A004BD17A /* DZNavigation */,
			);
			productName = "DZ№3";
			productReference = DEC3A8F0270854AC00EC2A0A /* DZ№4.app */;
			productType = "com.apple.product-type.application";
		};
/* End PBXNativeTarget section */

/* Begin PBXProject section */
		DEC3A8E8270854AC00EC2A0A /* Project object */ = {
			isa = PBXProject;
			attributes = {
				BuildIndependentTargetsInParallel = 1;
				LastSwiftUpdateCheck = 1300;
				LastUpgradeCheck = 1300;
				TargetAttributes = {
					DEC3A8EF270854AC00EC2A0A = {
						CreatedOnToolsVersion = 13.0;
					};
				};
			};
			buildConfigurationList = DEC3A8EB270854AC00EC2A0A /* Build configuration list for PBXProject "DZ№4" */;
			compatibilityVersion = "Xcode 13.0";
			developmentRegion = en;
			hasScannedForEncodings = 0;
			knownRegions = (
				en,
				Base,
			);
			mainGroup = DEC3A8E7270854AC00EC2A0A;
			packageReferences = (
				DEC3A934270856F800EC2A0A /* XCRemoteSwiftPackageReference "SDWebImageSwiftUI" */,
			);
			productRefGroup = DEC3A8F1270854AC00EC2A0A /* Products */;
			projectDirPath = "";
			projectRoot = "";
			targets = (
				DEC3A8EF270854AC00EC2A0A /* DZ№4 */,
			);
		};
/* End PBXProject section */

/* Begin PBXResourcesBuildPhase section */
		DEC3A8EE270854AC00EC2A0A /* Resources */ = {
			isa = PBXResourcesBuildPhase;
			buildActionMask = 2147483647;
			files = (
				DEC3A8FB270854AE00EC2A0A /* Preview Assets.xcassets in Resources */,
				DEC3A8F8270854AE00EC2A0A /* Assets.xcassets in Resources */,
			);
			runOnlyForDeploymentPostprocessing = 0;
		};
/* End PBXResourcesBuildPhase section */

/* Begin PBXSourcesBuildPhase section */
		DEC3A8EC270854AC00EC2A0A /* Sources */ = {
			isa = PBXSourcesBuildPhase;
			buildActionMask = 2147483647;
			files = (
				DEC3A9282708556700EC2A0A /* CharacterAPI.swift in Sources */,
				DEC3A8F6270854AC00EC2A0A /* ContentView.swift in Sources */,
				DEC3A9202708556700EC2A0A /* Comic.swift in Sources */,
				DE05CFCC2712F3D6004BD17A /* CharactersList.swift in Sources */,
				DEC3A9322708556700EC2A0A /* CharacterComicListCell.swift in Sources */,
				DEC3A9242708556700EC2A0A /* RandomAccessCollection.swift in Sources */,
				DE05CFD12712F47A004BD17A /* CharacterComicsViewModel.swift in Sources */,
				DEC3A92E2708556700EC2A0A /* CharactersViewModel.swift in Sources */,
				DE05CFCF2712F3D6004BD17A /* CharacterSearchScreen.swift in Sources */,
				DEC3A8F4270854AC00EC2A0A /* DZ_4App.swift in Sources */,
				DEC3A93D2708984D00EC2A0A /* InjectWrapper.swift in Sources */,
				DE05CFCB2712F3D6004BD17A /* CharacterListCell.swift in Sources */,
				DEC3A9392708953100EC2A0A /* ServiceLocator.swift in Sources */,
				DEC3A94327089F9D00EC2A0A /* CharacterRouter.swift in Sources */,
				DEC3A9212708556700EC2A0A /* CharactersRequest.swift in Sources */,
				DEC3A9252708556700EC2A0A /* AnyTransition.swift in Sources */,
				DEC3A91F2708556700EC2A0A /* Character.swift in Sources */,
				DE05CFCD2712F3D6004BD17A /* CharacterComicsScreen.swift in Sources */,
				DEC3A91E2708556700EC2A0A /* BaseResponse.swift in Sources */,
				DEC3A9262708556700EC2A0A /* Optional.swift in Sources */,
				DE05CFCE2712F3D6004BD17A /* CharacterScreen.swift in Sources */,
			);
			runOnlyForDeploymentPostprocessing = 0;
		};
/* End PBXSourcesBuildPhase section */

/* Begin XCBuildConfiguration section */
		DEC3A8FC270854AE00EC2A0A /* Debug */ = {
			isa = XCBuildConfiguration;
			buildSettings = {
				ALWAYS_SEARCH_USER_PATHS = NO;
				CLANG_ANALYZER_NONNULL = YES;
				CLANG_ANALYZER_NUMBER_OBJECT_CONVERSION = YES_AGGRESSIVE;
				CLANG_CXX_LANGUAGE_STANDARD = "gnu++17";
				CLANG_CXX_LIBRARY = "libc++";
				CLANG_ENABLE_MODULES = YES;
				CLANG_ENABLE_OBJC_ARC = YES;
				CLANG_ENABLE_OBJC_WEAK = YES;
				CLANG_WARN_BLOCK_CAPTURE_AUTORELEASING = YES;
				CLANG_WARN_BOOL_CONVERSION = YES;
				CLANG_WARN_COMMA = YES;
				CLANG_WARN_CONSTANT_CONVERSION = YES;
				CLANG_WARN_DEPRECATED_OBJC_IMPLEMENTATIONS = YES;
				CLANG_WARN_DIRECT_OBJC_ISA_USAGE = YES_ERROR;
				CLANG_WARN_DOCUMENTATION_COMMENTS = YES;
				CLANG_WARN_EMPTY_BODY = YES;
				CLANG_WARN_ENUM_CONVERSION = YES;
				CLANG_WARN_INFINITE_RECURSION = YES;
				CLANG_WARN_INT_CONVERSION = YES;
				CLANG_WARN_NON_LITERAL_NULL_CONVERSION = YES;
				CLANG_WARN_OBJC_IMPLICIT_RETAIN_SELF = YES;
				CLANG_WARN_OBJC_LITERAL_CONVERSION = YES;
				CLANG_WARN_OBJC_ROOT_CLASS = YES_ERROR;
				CLANG_WARN_QUOTED_INCLUDE_IN_FRAMEWORK_HEADER = YES;
				CLANG_WARN_RANGE_LOOP_ANALYSIS = YES;
				CLANG_WARN_STRICT_PROTOTYPES = YES;
				CLANG_WARN_SUSPICIOUS_MOVE = YES;
				CLANG_WARN_UNGUARDED_AVAILABILITY = YES_AGGRESSIVE;
				CLANG_WARN_UNREACHABLE_CODE = YES;
				CLANG_WARN__DUPLICATE_METHOD_MATCH = YES;
				COPY_PHASE_STRIP = NO;
				DEBUG_INFORMATION_FORMAT = dwarf;
				ENABLE_STRICT_OBJC_MSGSEND = YES;
				ENABLE_TESTABILITY = YES;
				GCC_C_LANGUAGE_STANDARD = gnu11;
				GCC_DYNAMIC_NO_PIC = NO;
				GCC_NO_COMMON_BLOCKS = YES;
				GCC_OPTIMIZATION_LEVEL = 0;
				GCC_PREPROCESSOR_DEFINITIONS = (
					"DEBUG=1",
					"$(inherited)",
				);
				GCC_WARN_64_TO_32_BIT_CONVERSION = YES;
				GCC_WARN_ABOUT_RETURN_TYPE = YES_ERROR;
				GCC_WARN_UNDECLARED_SELECTOR = YES;
				GCC_WARN_UNINITIALIZED_AUTOS = YES_AGGRESSIVE;
				GCC_WARN_UNUSED_FUNCTION = YES;
				GCC_WARN_UNUSED_VARIABLE = YES;
				IPHONEOS_DEPLOYMENT_TARGET = 14.7;
				MTL_ENABLE_DEBUG_INFO = INCLUDE_SOURCE;
				MTL_FAST_MATH = YES;
				ONLY_ACTIVE_ARCH = YES;
				SDKROOT = iphoneos;
				SWIFT_ACTIVE_COMPILATION_CONDITIONS = DEBUG;
				SWIFT_OPTIMIZATION_LEVEL = "-Onone";
			};
			name = Debug;
		};
		DEC3A8FD270854AE00EC2A0A /* Release */ = {
			isa = XCBuildConfiguration;
			buildSettings = {
				ALWAYS_SEARCH_USER_PATHS = NO;
				CLANG_ANALYZER_NONNULL = YES;
				CLANG_ANALYZER_NUMBER_OBJECT_CONVERSION = YES_AGGRESSIVE;
				CLANG_CXX_LANGUAGE_STANDARD = "gnu++17";
				CLANG_CXX_LIBRARY = "libc++";
				CLANG_ENABLE_MODULES = YES;
				CLANG_ENABLE_OBJC_ARC = YES;
				CLANG_ENABLE_OBJC_WEAK = YES;
				CLANG_WARN_BLOCK_CAPTURE_AUTORELEASING = YES;
				CLANG_WARN_BOOL_CONVERSION = YES;
				CLANG_WARN_COMMA = YES;
				CLANG_WARN_CONSTANT_CONVERSION = YES;
				CLANG_WARN_DEPRECATED_OBJC_IMPLEMENTATIONS = YES;
				CLANG_WARN_DIRECT_OBJC_ISA_USAGE = YES_ERROR;
				CLANG_WARN_DOCUMENTATION_COMMENTS = YES;
				CLANG_WARN_EMPTY_BODY = YES;
				CLANG_WARN_ENUM_CONVERSION = YES;
				CLANG_WARN_INFINITE_RECURSION = YES;
				CLANG_WARN_INT_CONVERSION = YES;
				CLANG_WARN_NON_LITERAL_NULL_CONVERSION = YES;
				CLANG_WARN_OBJC_IMPLICIT_RETAIN_SELF = YES;
				CLANG_WARN_OBJC_LITERAL_CONVERSION = YES;
				CLANG_WARN_OBJC_ROOT_CLASS = YES_ERROR;
				CLANG_WARN_QUOTED_INCLUDE_IN_FRAMEWORK_HEADER = YES;
				CLANG_WARN_RANGE_LOOP_ANALYSIS = YES;
				CLANG_WARN_STRICT_PROTOTYPES = YES;
				CLANG_WARN_SUSPICIOUS_MOVE = YES;
				CLANG_WARN_UNGUARDED_AVAILABILITY = YES_AGGRESSIVE;
				CLANG_WARN_UNREACHABLE_CODE = YES;
				CLANG_WARN__DUPLICATE_METHOD_MATCH = YES;
				COPY_PHASE_STRIP = NO;
				DEBUG_INFORMATION_FORMAT = "dwarf-with-dsym";
				ENABLE_NS_ASSERTIONS = NO;
				ENABLE_STRICT_OBJC_MSGSEND = YES;
				GCC_C_LANGUAGE_STANDARD = gnu11;
				GCC_NO_COMMON_BLOCKS = YES;
				GCC_WARN_64_TO_32_BIT_CONVERSION = YES;
				GCC_WARN_ABOUT_RETURN_TYPE = YES_ERROR;
				GCC_WARN_UNDECLARED_SELECTOR = YES;
				GCC_WARN_UNINITIALIZED_AUTOS = YES_AGGRESSIVE;
				GCC_WARN_UNUSED_FUNCTION = YES;
				GCC_WARN_UNUSED_VARIABLE = YES;
				IPHONEOS_DEPLOYMENT_TARGET = 14.7;
				MTL_ENABLE_DEBUG_INFO = NO;
				MTL_FAST_MATH = YES;
				SDKROOT = iphoneos;
				SWIFT_COMPILATION_MODE = wholemodule;
				SWIFT_OPTIMIZATION_LEVEL = "-O";
				VALIDATE_PRODUCT = YES;
			};
			name = Release;
		};
		DEC3A8FF270854AE00EC2A0A /* Debug */ = {
			isa = XCBuildConfiguration;
			buildSettings = {
				ASSETCATALOG_COMPILER_APPICON_NAME = AppIcon;
				ASSETCATALOG_COMPILER_GLOBAL_ACCENT_COLOR_NAME = AccentColor;
				CODE_SIGN_STYLE = Automatic;
				CURRENT_PROJECT_VERSION = 1;
				DEVELOPMENT_ASSET_PATHS = "\"DZ№3/Preview Content\"";
				DEVELOPMENT_TEAM = 6UN4892VFR;
				ENABLE_PREVIEWS = YES;
				GENERATE_INFOPLIST_FILE = YES;
				INFOPLIST_FILE = "DZ-3-Info.plist";
				INFOPLIST_KEY_UIApplicationSceneManifest_Generation = YES;
				INFOPLIST_KEY_UIApplicationSupportsIndirectInputEvents = YES;
				INFOPLIST_KEY_UILaunchScreen_Generation = YES;
				INFOPLIST_KEY_UISupportedInterfaceOrientations_iPad = "UIInterfaceOrientationPortrait UIInterfaceOrientationPortraitUpsideDown UIInterfaceOrientationLandscapeLeft UIInterfaceOrientationLandscapeRight";
				INFOPLIST_KEY_UISupportedInterfaceOrientations_iPhone = "UIInterfaceOrientationPortrait UIInterfaceOrientationLandscapeLeft UIInterfaceOrientationLandscapeRight";
				IPHONEOS_DEPLOYMENT_TARGET = 14.0;
				LD_RUNPATH_SEARCH_PATHS = (
					"$(inherited)",
					"@executable_path/Frameworks",
				);
				MARKETING_VERSION = 1.0;
				PRODUCT_BUNDLE_IDENTIFIER = "com.egm.DZ-4";
				PRODUCT_NAME = "$(TARGET_NAME)";
				SWIFT_EMIT_LOC_STRINGS = YES;
				SWIFT_VERSION = 5.0;
				TARGETED_DEVICE_FAMILY = 1;
			};
			name = Debug;
		};
		DEC3A900270854AE00EC2A0A /* Release */ = {
			isa = XCBuildConfiguration;
			buildSettings = {
				ASSETCATALOG_COMPILER_APPICON_NAME = AppIcon;
				ASSETCATALOG_COMPILER_GLOBAL_ACCENT_COLOR_NAME = AccentColor;
				CODE_SIGN_STYLE = Automatic;
				CURRENT_PROJECT_VERSION = 1;
				DEVELOPMENT_ASSET_PATHS = "\"DZ№3/Preview Content\"";
				DEVELOPMENT_TEAM = 6UN4892VFR;
				ENABLE_PREVIEWS = YES;
				GENERATE_INFOPLIST_FILE = YES;
				INFOPLIST_FILE = "DZ-3-Info.plist";
				INFOPLIST_KEY_UIApplicationSceneManifest_Generation = YES;
				INFOPLIST_KEY_UIApplicationSupportsIndirectInputEvents = YES;
				INFOPLIST_KEY_UILaunchScreen_Generation = YES;
				INFOPLIST_KEY_UISupportedInterfaceOrientations_iPad = "UIInterfaceOrientationPortrait UIInterfaceOrientationPortraitUpsideDown UIInterfaceOrientationLandscapeLeft UIInterfaceOrientationLandscapeRight";
				INFOPLIST_KEY_UISupportedInterfaceOrientations_iPhone = "UIInterfaceOrientationPortrait UIInterfaceOrientationLandscapeLeft UIInterfaceOrientationLandscapeRight";
				IPHONEOS_DEPLOYMENT_TARGET = 14.0;
				LD_RUNPATH_SEARCH_PATHS = (
					"$(inherited)",
					"@executable_path/Frameworks",
				);
				MARKETING_VERSION = 1.0;
				PRODUCT_BUNDLE_IDENTIFIER = "com.egm.DZ-4";
				PRODUCT_NAME = "$(TARGET_NAME)";
				SWIFT_EMIT_LOC_STRINGS = YES;
				SWIFT_VERSION = 5.0;
				TARGETED_DEVICE_FAMILY = 1;
			};
			name = Release;
		};
/* End XCBuildConfiguration section */

/* Begin XCConfigurationList section */
		DEC3A8EB270854AC00EC2A0A /* Build configuration list for PBXProject "DZ№4" */ = {
			isa = XCConfigurationList;
			buildConfigurations = (
				DEC3A8FC270854AE00EC2A0A /* Debug */,
				DEC3A8FD270854AE00EC2A0A /* Release */,
			);
			defaultConfigurationIsVisible = 0;
			defaultConfigurationName = Release;
		};
		DEC3A8FE270854AE00EC2A0A /* Build configuration list for PBXNativeTarget "DZ№4" */ = {
			isa = XCConfigurationList;
			buildConfigurations = (
				DEC3A8FF270854AE00EC2A0A /* Debug */,
				DEC3A900270854AE00EC2A0A /* Release */,
			);
			defaultConfigurationIsVisible = 0;
			defaultConfigurationName = Release;
		};
/* End XCConfigurationList section */

/* Begin XCRemoteSwiftPackageReference section */
		DEC3A934270856F800EC2A0A /* XCRemoteSwiftPackageReference "SDWebImageSwiftUI" */ = {
			isa = XCRemoteSwiftPackageReference;
			repositoryURL = "https://github.com/SDWebImage/SDWebImageSwiftUI";
			requirement = {
				branch = master;
				kind = branch;
			};
		};
/* End XCRemoteSwiftPackageReference section */

/* Begin XCSwiftPackageProductDependency section */
		DE05CFD52712F68A004BD17A /* DZNavigation */ = {
			isa = XCSwiftPackageProductDependency;
			productName = DZNavigation;
		};
		DEA19D742709EF1200804CEE /* DZCoreServices */ = {
			isa = XCSwiftPackageProductDependency;
			productName = DZCoreServices;
		};
		DEC3A935270856F800EC2A0A /* SDWebImageSwiftUI */ = {
			isa = XCSwiftPackageProductDependency;
			package = DEC3A934270856F800EC2A0A /* XCRemoteSwiftPackageReference "SDWebImageSwiftUI" */;
			productName = SDWebImageSwiftUI;
		};
/* End XCSwiftPackageProductDependency section */
	};
	rootObject = DEC3A8E8270854AC00EC2A0A /* Project object */;
}
